// !$*UTF8*$!
{ archiveVersion = 1; classes = {}; objectVersion = 56; objects = {
277EF9D2908DE87D83B8FECE = { isa = PBXFileReference; lastKnownFileType = text.xcconfig; path = "Config/App.xcconfig"; sourceTree = "<group>"; };
25770D47EB46E1D830BB2F0E = { isa = PBXFileReference; lastKnownFileType = sourcecode.swift; path = "Sources/ShadeCore/BuildingData.swift"; sourceTree = "<group>"; };
22DF10D32C1013E388912D30 = { isa = PBXBuildFile; fileRef = 25770D47EB46E1D830BB2F0E; };
7D6C81532BFBFBDACAF1A583 = { isa = PBXFileReference; lastKnownFileType = sourcecode.swift; path = "Sources/ShadeCore/EncodedPolyline.swift"; sourceTree = "<group>"; };
E075B6A6AD0C2691E838763A = { isa = PBXBuildFile; fileRef = 7D6C81532BFBFBDACAF1A583; };
3536FF063E8DEC97E2BA5A10 = { isa = PBXFileReference; lastKnownFileType = sourcecode.swift; path = "Sources/ShadeCore/Geometry.swift"; sourceTree = "<group>"; };
4A5327002FBA7144894C2ECC = { isa = PBXBuildFile; fileRef = 3536FF063E8DEC97E2BA5A10; };
9BF5C5FF9B29ED5DD4833360 = { isa = PBXFileReference; lastKnownFileType = sourcecode.swift; path = "Sources/ShadeCore/HeatScore.swift"; sourceTree = "<group>"; };
F65CBC2B6C29492EA9FB5447 = { isa = PBXBuildFile; fileRef = 9BF5C5FF9B29ED5DD4833360; };
A8C80047E5837812BE59992F = { isa = PBXFileReference; lastKnownFileType = sourcecode.swift; path = "Sources/ShadeCore/OSMBuildings.swift"; sourceTree = "<group>"; };
5EE8C884CAD03EAE7ED8E165 = { isa = PBXBuildFile; fileRef = A8C80047E5837812BE59992F; };
602CE6CAE17AE2B6BCC6B5F5 = { isa = PBXFileReference; lastKnownFileType = sourcecode.swift; path = "Sources/ShadeCore/RouteDisplayRun.swift"; sourceTree = "<group>"; };
462FB58583F2A4A1CF221A01 = { isa = PBXBuildFile; fileRef = 602CE6CAE17AE2B6BCC6B5F5; };
07A48EBC74D885E2D6D83B0B = { isa = PBXFileReference; lastKnownFileType = sourcecode.swift; path = "Sources/ShadeCore/RouteExposureService.swift"; sourceTree = "<group>"; };
12B716AF450AA95A80F7257C = { isa = PBXBuildFile; fileRef = 07A48EBC74D885E2D6D83B0B; };
18C1BA0C1698714EC2B9FD71 = { isa = PBXFileReference; lastKnownFileType = sourcecode.swift; path = "Sources/ShadeCore/ShadeEngine.swift"; sourceTree = "<group>"; };
6CAD463D83F8E8AA1E2ABFCD = { isa = PBXBuildFile; fileRef = 18C1BA0C1698714EC2B9FD71; };
7EB79833359FE480890B4B2E = { isa = PBXFileReference; lastKnownFileType = sourcecode.swift; path = "Sources/ShadeCore/SolarPositionService.swift"; sourceTree = "<group>"; };
4CE27985148559CB0831A072 = { isa = PBXBuildFile; fileRef = 7EB79833359FE480890B4B2E; };
08CEE550F2D96012960D7CD2 = { isa = PBXFileReference; lastKnownFileType = sourcecode.swift; path = "Sources/ShadeCore/WalkLimit.swift"; sourceTree = "<group>"; };
0A6D91FEADED49D7A2F39BB2 = { isa = PBXBuildFile; fileRef = 08CEE550F2D96012960D7CD2; };
FEC2088735A42C3E0481BE9D = { isa = PBXFileReference; lastKnownFileType = sourcecode.swift; path = "Sources/ShadeCore/WalkingProgress.swift"; sourceTree = "<group>"; };
1C6ABA9C59260AA248F5A083 = { isa = PBXBuildFile; fileRef = FEC2088735A42C3E0481BE9D; };
9B4716E3EAE4DB7C2BD881E7 = { isa = PBXFileReference; lastKnownFileType = sourcecode.swift; path = "CoolMap/CoolMapApp.swift"; sourceTree = "<group>"; };
A628FC3A968EC5B585D28E7C = { isa = PBXBuildFile; fileRef = 9B4716E3EAE4DB7C2BD881E7; };
5294521DDE828C50F3AE783B = { isa = PBXFileReference; lastKnownFileType = sourcecode.swift; path = "CoolMap/Services/AppConfiguration.swift"; sourceTree = "<group>"; };
74CE1B7C8C43EEF0565B1D14 = { isa = PBXBuildFile; fileRef = 5294521DDE828C50F3AE783B; };
1E6C61AA8150BE813EFEB0E2 = { isa = PBXFileReference; lastKnownFileType = sourcecode.swift; path = "CoolMap/Services/AppModel.swift"; sourceTree = "<group>"; };
706CE3E1E3AF9E2A5FC33F3A = { isa = PBXBuildFile; fileRef = 1E6C61AA8150BE813EFEB0E2; };
389272F475C0C86D71DBAD9A = { isa = PBXFileReference; lastKnownFileType = sourcecode.swift; path = "CoolMap/Services/CityBuildingProvider.swift"; sourceTree = "<group>"; };
5A7DE7B230D369BDAA748F10 = { isa = PBXBuildFile; fileRef = 389272F475C0C86D71DBAD9A; };
4A0A0CF34B05554AC46CCE7B = { isa = PBXFileReference; lastKnownFileType = sourcecode.swift; path = "CoolMap/Services/GoogleServices.swift"; sourceTree = "<group>"; };
A1876B2A6F1B296E7931DA1B = { isa = PBXBuildFile; fileRef = 4A0A0CF34B05554AC46CCE7B; };
6AB73A6F6BEDA1658F2B1A8D = { isa = PBXFileReference; lastKnownFileType = sourcecode.swift; path = "CoolMap/Services/MapServices.swift"; sourceTree = "<group>"; };
5AC6FB67A741275369CEB21B = { isa = PBXBuildFile; fileRef = 6AB73A6F6BEDA1658F2B1A8D; };
DAA7D64EBF66F3914FF6E804 = { isa = PBXFileReference; lastKnownFileType = sourcecode.swift; path = "CoolMap/Services/RouteReports.swift"; sourceTree = "<group>"; };
94598245D5C9AA479AFB1CBC = { isa = PBXBuildFile; fileRef = DAA7D64EBF66F3914FF6E804; };
246511DB5741F5EFDF138BFB = { isa = PBXFileReference; lastKnownFileType = sourcecode.swift; path = "CoolMap/Views/BatchedRouteMap.swift"; sourceTree = "<group>"; };
65B420EB45B708797E421493 = { isa = PBXBuildFile; fileRef = 246511DB5741F5EFDF138BFB; };
755385758925E355F32DAE3A = { isa = PBXFileReference; lastKnownFileType = sourcecode.swift; path = "CoolMap/Views/CoolGlass.swift"; sourceTree = "<group>"; };
C33E2A107F711668CC12D024 = { isa = PBXBuildFile; fileRef = 755385758925E355F32DAE3A; };
783D23CFE0F10E9795A699B9 = { isa = PBXFileReference; lastKnownFileType = sourcecode.swift; path = "CoolMap/Views/DestinationSearchView.swift"; sourceTree = "<group>"; };
6F9CF35048BD61617BF80317 = { isa = PBXBuildFile; fileRef = 783D23CFE0F10E9795A699B9; };
54125C2B65509FDFA3BB902B = { isa = PBXFileReference; lastKnownFileType = sourcecode.swift; path = "CoolMap/Views/GoogleRouteMap.swift"; sourceTree = "<group>"; };
D1CC2BE3B8D88824C96FA149 = { isa = PBXBuildFile; fileRef = 54125C2B65509FDFA3BB902B; };
DBAC9EAD431958A83DA6D6AD = { isa = PBXFileReference; lastKnownFileType = sourcecode.swift; path = "CoolMap/Views/HazardReportSheet.swift"; sourceTree = "<group>"; };
124885C6FA8E43C7FF87283E = { isa = PBXBuildFile; fileRef = DBAC9EAD431958A83DA6D6AD; };
DF1A6180B1F898A815684970 = { isa = PBXFileReference; lastKnownFileType = sourcecode.swift; path = "CoolMap/Views/MapScreen.swift"; sourceTree = "<group>"; };
D014542E9A6EA26C8760923F = { isa = PBXBuildFile; fileRef = DF1A6180B1F898A815684970; };
319343C209BD695BA5CC842F = { isa = PBXFileReference; lastKnownFileType = sourcecode.swift; path = "CoolMap/Views/SunRaysView.swift"; sourceTree = "<group>"; };
D0558431F2EAA9F77D67772A = { isa = PBXBuildFile; fileRef = 319343C209BD695BA5CC842F; };
4A136BC7A01E7CFF0D675581 = { isa = PBXFileReference; lastKnownFileType = sourcecode.swift; path = "CoolMap/Views/SunSimulationView.swift"; sourceTree = "<group>"; };
D9652A13307C7479E6160D7C = { isa = PBXBuildFile; fileRef = 4A136BC7A01E7CFF0D675581; };
B95418C5107BB50A4FB3C903 = { isa = PBXFileReference; lastKnownFileType = sourcecode.swift; path = "CoolMap/Views/WalkingSessionView.swift"; sourceTree = "<group>"; };
66F6009E011B0743F7A937DB = { isa = PBXBuildFile; fileRef = B95418C5107BB50A4FB3C903; };
22D75D97833AA7D87D162DA9 = { isa = PBXFileReference; lastKnownFileType = text.json; path = "CoolMap/Resources/abudhabi-buildings.json"; sourceTree = "<group>"; };
7AD47477B0C9754B621D6181 = { isa = PBXBuildFile; fileRef = 22D75D97833AA7D87D162DA9; };
341EE7B5D1ED31C188603E11 = { isa = PBXFileReference; lastKnownFileType = text.json; path = "CoolMap/Resources/buildings.json"; sourceTree = "<group>"; };
C77CAE0C99AD2EDD8E6AB3A0 = { isa = PBXBuildFile; fileRef = 341EE7B5D1ED31C188603E11; };
38A007151ABE87CC01A5B6E9 = { isa = PBXFileReference; explicitFileType = wrapper.application; path = CoolMap.app; sourceTree = BUILT_PRODUCTS_DIR; };
64292B1C2B2E13EAD8788FC8 = { isa = PBXGroup; children = (277EF9D2908DE87D83B8FECE,25770D47EB46E1D830BB2F0E,7D6C81532BFBFBDACAF1A583,3536FF063E8DEC97E2BA5A10,9BF5C5FF9B29ED5DD4833360,A8C80047E5837812BE59992F,602CE6CAE17AE2B6BCC6B5F5,07A48EBC74D885E2D6D83B0B,18C1BA0C1698714EC2B9FD71,7EB79833359FE480890B4B2E,08CEE550F2D96012960D7CD2,FEC2088735A42C3E0481BE9D,9B4716E3EAE4DB7C2BD881E7,5294521DDE828C50F3AE783B,1E6C61AA8150BE813EFEB0E2,389272F475C0C86D71DBAD9A,4A0A0CF34B05554AC46CCE7B,6AB73A6F6BEDA1658F2B1A8D,DAA7D64EBF66F3914FF6E804,246511DB5741F5EFDF138BFB,755385758925E355F32DAE3A,783D23CFE0F10E9795A699B9,54125C2B65509FDFA3BB902B,DBAC9EAD431958A83DA6D6AD,DF1A6180B1F898A815684970,319343C209BD695BA5CC842F,4A136BC7A01E7CFF0D675581,B95418C5107BB50A4FB3C903,22D75D97833AA7D87D162DA9,341EE7B5D1ED31C188603E11,38A007151ABE87CC01A5B6E9); sourceTree = "<group>"; };
BCE16DD0260827ECF338C787 = { isa = PBXSourcesBuildPhase; buildActionMask = 2147483647; files = (22DF10D32C1013E388912D30,E075B6A6AD0C2691E838763A,4A5327002FBA7144894C2ECC,F65CBC2B6C29492EA9FB5447,5EE8C884CAD03EAE7ED8E165,462FB58583F2A4A1CF221A01,12B716AF450AA95A80F7257C,6CAD463D83F8E8AA1E2ABFCD,4CE27985148559CB0831A072,0A6D91FEADED49D7A2F39BB2,1C6ABA9C59260AA248F5A083,A628FC3A968EC5B585D28E7C,74CE1B7C8C43EEF0565B1D14,706CE3E1E3AF9E2A5FC33F3A,5A7DE7B230D369BDAA748F10,A1876B2A6F1B296E7931DA1B,5AC6FB67A741275369CEB21B,94598245D5C9AA479AFB1CBC,65B420EB45B708797E421493,C33E2A107F711668CC12D024,6F9CF35048BD61617BF80317,D1CC2BE3B8D88824C96FA149,124885C6FA8E43C7FF87283E,D014542E9A6EA26C8760923F,D0558431F2EAA9F77D67772A,D9652A13307C7479E6160D7C,66F6009E011B0743F7A937DB); runOnlyForDeploymentPostprocessing = 0; };
0189424A5A60FED329FA868E = { isa = PBXResourcesBuildPhase; buildActionMask = 2147483647; files = (7AD47477B0C9754B621D6181,C77CAE0C99AD2EDD8E6AB3A0); runOnlyForDeploymentPostprocessing = 0; };
262CFD7262A6442251D77A1B = { isa = XCRemoteSwiftPackageReference; repositoryURL = "https://github.com/googlemaps/ios-maps-sdk"; requirement = { kind = exactVersion; version = 11.1.0; }; };
F2E404ED01FBAA7F00F90828 = { isa = XCSwiftPackageProductDependency; package = 262CFD7262A6442251D77A1B; productName = GoogleMaps; };
FF9461E4E60436B61A851D14 = { isa = PBXBuildFile; productRef = F2E404ED01FBAA7F00F90828; };
7561BFB015D8F536760CB671 = { isa = PBXFrameworksBuildPhase; buildActionMask = 2147483647; files = (FF9461E4E60436B61A851D14); runOnlyForDeploymentPostprocessing = 0; };
89E1FD6268CC0F221A2BE178 = { isa = XCBuildConfiguration; name = Debug; buildSettings = { SDKROOT = iphoneos; IPHONEOS_DEPLOYMENT_TARGET = 17.0; SWIFT_VERSION = 5.0; CLANG_ENABLE_MODULES = YES; }; };
7082CC0B6FC1282FCEABD07A = { isa = XCBuildConfiguration; name = Debug; baseConfigurationReference = 277EF9D2908DE87D83B8FECE; buildSettings = { INFOPLIST_KEY_GOOGLE_MAPS_API_KEY = "$(GOOGLE_MAPS_API_KEY)"; INFOPLIST_KEY_GOOGLE_SERVICES_API_KEY = "$(GOOGLE_SERVICES_API_KEY)"; INFOPLIST_KEY_REPORTS_HOST = "$(REPORTS_HOST)"; INFOPLIST_KEY_REPORTS_PUBLIC_KEY = "$(REPORTS_PUBLIC_KEY)"; OTHER_LDFLAGS = "-ObjC"; PRODUCT_NAME = CoolMap; PRODUCT_BUNDLE_IDENTIFIER = com.hendrix.coolmap; GENERATE_INFOPLIST_FILE = YES; INFOPLIST_KEY_NSLocationWhenInUseUsageDescription = "Show your position on a walking route."; INFOPLIST_KEY_UILaunchScreen_Generation = YES; INFOPLIST_KEY_UIApplicationSceneManifest_Generation = YES; TARGETED_DEVICE_FAMILY = "1,2"; CODE_SIGN_STYLE = Automatic; SWIFT_OPTIMIZATION_LEVEL = "-Onone"; }; };
E6DE6C99132752C914FEF632 = { isa = XCBuildConfiguration; name = Release; buildSettings = { SDKROOT = iphoneos; IPHONEOS_DEPLOYMENT_TARGET = 17.0; SWIFT_VERSION = 5.0; CLANG_ENABLE_MODULES = YES; }; };
639A7CA24D39909E713B47F7 = { isa = XCBuildConfiguration; name = Release; baseConfigurationReference = 277EF9D2908DE87D83B8FECE; buildSettings = { INFOPLIST_KEY_GOOGLE_MAPS_API_KEY = "$(GOOGLE_MAPS_API_KEY)"; INFOPLIST_KEY_GOOGLE_SERVICES_API_KEY = "$(GOOGLE_SERVICES_API_KEY)"; INFOPLIST_KEY_REPORTS_HOST = "$(REPORTS_HOST)"; INFOPLIST_KEY_REPORTS_PUBLIC_KEY = "$(REPORTS_PUBLIC_KEY)"; OTHER_LDFLAGS = "-ObjC"; PRODUCT_NAME = CoolMap; PRODUCT_BUNDLE_IDENTIFIER = com.hendrix.coolmap; GENERATE_INFOPLIST_FILE = YES; INFOPLIST_KEY_NSLocationWhenInUseUsageDescription = "Show your position on a walking route."; INFOPLIST_KEY_UILaunchScreen_Generation = YES; INFOPLIST_KEY_UIApplicationSceneManifest_Generation = YES; TARGETED_DEVICE_FAMILY = "1,2"; CODE_SIGN_STYLE = Automatic; SWIFT_OPTIMIZATION_LEVEL = "-O"; }; };
862894B703A6DEDF96A9DD6C = { isa = XCConfigurationList; buildConfigurations = (89E1FD6268CC0F221A2BE178,E6DE6C99132752C914FEF632); defaultConfigurationIsVisible = 0; defaultConfigurationName = Release; };
C57128001CE614BF8549D6BB = { isa = XCConfigurationList; buildConfigurations = (7082CC0B6FC1282FCEABD07A,639A7CA24D39909E713B47F7); defaultConfigurationIsVisible = 0; defaultConfigurationName = Release; };
0E8A3AD980EC179856012B7E = { isa = PBXNativeTarget; name = CoolMap; productName = CoolMap; productReference = 38A007151ABE87CC01A5B6E9; productType = "com.apple.product-type.application"; buildConfigurationList = C57128001CE614BF8549D6BB; buildPhases = (BCE16DD0260827ECF338C787,7561BFB015D8F536760CB671,0189424A5A60FED329FA868E); buildRules = (); dependencies = (); packageProductDependencies = (F2E404ED01FBAA7F00F90828); };
98F54143AB4E86B28C3AFEE0 = { isa = PBXProject; buildConfigurationList = 862894B703A6DEDF96A9DD6C; compatibilityVersion = "Xcode 14.0"; developmentRegion = en; knownRegions = (en,Base); mainGroup = 64292B1C2B2E13EAD8788FC8; packageReferences = (262CFD7262A6442251D77A1B); projectDirPath = ""; projectRoot = ""; targets = (0E8A3AD980EC179856012B7E); };
}; rootObject = 98F54143AB4E86B28C3AFEE0; }
